// !$*UTF8*$!
{
	archiveVersion = 1;
	classes = {
	};
	objectVersion = 46;
	objects = {

/* Begin PBXBuildFile section */
		A61B7C871ADE4E7F00FFF0AD /* AppDelegate.swift in Sources */ = {isa = PBXBuildFile; fileRef = A61B7C861ADE4E7F00FFF0AD /* AppDelegate.swift */; };
		A61B7C891ADE4E7F00FFF0AD /* UniverseViewController.swift in Sources */ = {isa = PBXBuildFile; fileRef = A61B7C881ADE4E7F00FFF0AD /* UniverseViewController.swift */; };
		A61B7C8C1ADE4E7F00FFF0AD /* Main.storyboard in Resources */ = {isa = PBXBuildFile; fileRef = A61B7C8A1ADE4E7F00FFF0AD /* Main.storyboard */; };
		A61B7C8E1ADE4E7F00FFF0AD /* Images.xcassets in Resources */ = {isa = PBXBuildFile; fileRef = A61B7C8D1ADE4E7F00FFF0AD /* Images.xcassets */; };
		A61B7C911ADE4E7F00FFF0AD /* LaunchScreen.xib in Resources */ = {isa = PBXBuildFile; fileRef = A61B7C8F1ADE4E7F00FFF0AD /* LaunchScreen.xib */; };
		A65514021AE0FA12005DB5AD /* UIColor+SLAddition.m in Sources */ = {isa = PBXBuildFile; fileRef = A65513FC1AE0FA12005DB5AD /* UIColor+SLAddition.m */; };
		A65514031AE0FA12005DB5AD /* UIScrollView+UpdateContentSize.m in Sources */ = {isa = PBXBuildFile; fileRef = A65513FE1AE0FA12005DB5AD /* UIScrollView+UpdateContentSize.m */; };
		A65514041AE0FA12005DB5AD /* SLPagingViewController.m in Sources */ = {isa = PBXBuildFile; fileRef = A65514011AE0FA12005DB5AD /* SLPagingViewController.m */; };
		A661FE651ADFDA9900394718 /* WorkViewController.swift in Sources */ = {isa = PBXBuildFile; fileRef = A661FE641ADFDA9900394718 /* WorkViewController.swift */; };
		A6800E391AE3821900894E0A /* UIViewController+SKStoreProductViewController.swift in Sources */ = {isa = PBXBuildFile; fileRef = A6800E381AE3821900894E0A /* UIViewController+SKStoreProductViewController.swift */; };
		A69AFAC51AE17B800055559C /* CircleButton.swift in Sources */ = {isa = PBXBuildFile; fileRef = A69AFAC41AE17B800055559C /* CircleButton.swift */; };
		A6D0456E1AE2BC0D00865491 /* ProjectsViewController.swift in Sources */ = {isa = PBXBuildFile; fileRef = A6D0456D1AE2BC0D00865491 /* ProjectsViewController.swift */; };
		A6D045721AE2BE8200865491 /* SKProgressIndicator.m in Sources */ = {isa = PBXBuildFile; fileRef = A6D045711AE2BE8200865491 /* SKProgressIndicator.m */; };
/* End PBXBuildFile section */

/* Begin PBXFileReference section */
		A61B7C811ADE4E7F00FFF0AD /* Salavat Khanov.app */ = {isa = PBXFileReference; explicitFileType = wrapper.application; includeInIndex = 0; path = "Salavat Khanov.app"; sourceTree = BUILT_PRODUCTS_DIR; };
		A61B7C851ADE4E7F00FFF0AD /* Info.plist */ = {isa = PBXFileReference; lastKnownFileType = text.plist.xml; path = Info.plist; sourceTree = "<group>"; };
		A61B7C861ADE4E7F00FFF0AD /* AppDelegate.swift */ = {isa = PBXFileReference; lastKnownFileType = sourcecode.swift; path = AppDelegate.swift; sourceTree = "<group>"; };
		A61B7C881ADE4E7F00FFF0AD /* UniverseViewController.swift */ = {isa = PBXFileReference; lastKnownFileType = sourcecode.swift; path = UniverseViewController.swift; sourceTree = "<group>"; };
		A61B7C8B1ADE4E7F00FFF0AD /* Base */ = {isa = PBXFileReference; lastKnownFileType = file.storyboard; name = Base; path = Base.lproj/Main.storyboard; sourceTree = "<group>"; };
		A61B7C8D1ADE4E7F00FFF0AD /* Images.xcassets */ = {isa = PBXFileReference; lastKnownFileType = folder.assetcatalog; path = Images.xcassets; sourceTree = "<group>"; };
		A61B7C901ADE4E7F00FFF0AD /* Base */ = {isa = PBXFileReference; lastKnownFileType = file.xib; name = Base; path = Base.lproj/LaunchScreen.xib; sourceTree = "<group>"; };
		A65513FB1AE0FA12005DB5AD /* UIColor+SLAddition.h */ = {isa = PBXFileReference; fileEncoding = 4; lastKnownFileType = sourcecode.c.h; path = "UIColor+SLAddition.h"; sourceTree = "<group>"; };
		A65513FC1AE0FA12005DB5AD /* UIColor+SLAddition.m */ = {isa = PBXFileReference; fileEncoding = 4; lastKnownFileType = sourcecode.c.objc; path = "UIColor+SLAddition.m"; sourceTree = "<group>"; };
		A65513FD1AE0FA12005DB5AD /* UIScrollView+UpdateContentSize.h */ = {isa = PBXFileReference; fileEncoding = 4; lastKnownFileType = sourcecode.c.h; path = "UIScrollView+UpdateContentSize.h"; sourceTree = "<group>"; };
		A65513FE1AE0FA12005DB5AD /* UIScrollView+UpdateContentSize.m */ = {isa = PBXFileReference; fileEncoding = 4; lastKnownFileType = sourcecode.c.objc; path = "UIScrollView+UpdateContentSize.m"; sourceTree = "<group>"; };
		A65513FF1AE0FA12005DB5AD /* ShareResources.h */ = {isa = PBXFileReference; fileEncoding = 4; lastKnownFileType = sourcecode.c.h; name = ShareResources.h; path = Dependencies/SLPagingView/ShareResources.h; sourceTree = "<group>"; };
		A65514001AE0FA12005DB5AD /* SLPagingViewController.h */ = {isa = PBXFileReference; fileEncoding = 4; lastKnownFileType = sourcecode.c.h; name = SLPagingViewController.h; path = Dependencies/SLPagingView/SLPagingViewController.h; sourceTree = "<group>"; };
		A65514011AE0FA12005DB5AD /* SLPagingViewController.m */ = {isa = PBXFileReference; fileEncoding = 4; lastKnownFileType = sourcecode.c.objc; name = SLPagingViewController.m; path = Dependencies/SLPagingView/SLPagingViewController.m; sourceTree = "<group>"; };
		A655140A1AE0FAAC005DB5AD /* Salavat_Khanov-Bridging-Header.h */ = {isa = PBXFileReference; fileEncoding = 4; lastKnownFileType = sourcecode.c.h; path = "Salavat_Khanov-Bridging-Header.h"; sourceTree = "<group>"; };
		A661FE641ADFDA9900394718 /* WorkViewController.swift */ = {isa = PBXFileReference; fileEncoding = 4; lastKnownFileType = sourcecode.swift; path = WorkViewController.swift; sourceTree = "<group>"; };
		A6800E381AE3821900894E0A /* UIViewController+SKStoreProductViewController.swift */ = {isa = PBXFileReference; fileEncoding = 4; lastKnownFileType = sourcecode.swift; path = "UIViewController+SKStoreProductViewController.swift"; sourceTree = "<group>"; };
		A69AFAC41AE17B800055559C /* CircleButton.swift */ = {isa = PBXFileReference; fileEncoding = 4; lastKnownFileType = sourcecode.swift; path = CircleButton.swift; sourceTree = "<group>"; };
		A6D0456D1AE2BC0D00865491 /* ProjectsViewController.swift */ = {isa = PBXFileReference; fileEncoding = 4; lastKnownFileType = sourcecode.swift; path = ProjectsViewController.swift; sourceTree = "<group>"; };
		A6D0456F1AE2BE6500865491 /* SKProgressIndicator.h */ = {isa = PBXFileReference; fileEncoding = 4; lastKnownFileType = sourcecode.c.h; path = SKProgressIndicator.h; sourceTree = "<group>"; };
		A6D045711AE2BE8200865491 /* SKProgressIndicator.m */ = {isa = PBXFileReference; fileEncoding = 4; lastKnownFileType = sourcecode.c.objc; path = SKProgressIndicator.m; sourceTree = "<group>"; };
/* End PBXFileReference section */

/* Begin PBXFrameworksBuildPhase section */
		A61B7C7E1ADE4E7F00FFF0AD /* Frameworks */ = {
			isa = PBXFrameworksBuildPhase;
			buildActionMask = 2147483647;
			files = (
			);
			runOnlyForDeploymentPostprocessing = 0;
		};
/* End PBXFrameworksBuildPhase section */

/* Begin PBXGroup section */
		A61B7C781ADE4E7F00FFF0AD = {
			isa = PBXGroup;
			children = (
				A61B7C831ADE4E7F00FFF0AD /* Salavat Khanov */,
				A61B7C821ADE4E7F00FFF0AD /* Products */,
			);
			sourceTree = "<group>";
		};
		A61B7C821ADE4E7F00FFF0AD /* Products */ = {
			isa = PBXGroup;
			children = (
				A61B7C811ADE4E7F00FFF0AD /* Salavat Khanov.app */,
			);
			name = Products;
			sourceTree = "<group>";
		};
		A61B7C831ADE4E7F00FFF0AD /* Salavat Khanov */ = {
			isa = PBXGroup;
			children = (
				A61B7C861ADE4E7F00FFF0AD /* AppDelegate.swift */,
				A6D0456C1AE2B7DB00865491 /* Universe */,
				A661FE641ADFDA9900394718 /* WorkViewController.swift */,
				A6D045701AE2BE7000865491 /* Side Projects */,
				A61B7C8A1ADE4E7F00FFF0AD /* Main.storyboard */,
				A61B7C8D1ADE4E7F00FFF0AD /* Images.xcassets */,
				A61B7C8F1ADE4E7F00FFF0AD /* LaunchScreen.xib */,
				A6800E3A1AE3822400894E0A /* Helpers */,
				A65514091AE0FA57005DB5AD /* Dependencies */,
				A61B7C841ADE4E7F00FFF0AD /* Supporting Files */,
			);
			path = "Salavat Khanov";
			sourceTree = "<group>";
		};
		A61B7C841ADE4E7F00FFF0AD /* Supporting Files */ = {
			isa = PBXGroup;
			children = (
				A61B7C851ADE4E7F00FFF0AD /* Info.plist */,
				A655140A1AE0FAAC005DB5AD /* Salavat_Khanov-Bridging-Header.h */,
			);
			name = "Supporting Files";
			sourceTree = "<group>";
		};
		A65513FA1AE0FA12005DB5AD /* Categories */ = {
			isa = PBXGroup;
			children = (
				A65513FB1AE0FA12005DB5AD /* UIColor+SLAddition.h */,
				A65513FC1AE0FA12005DB5AD /* UIColor+SLAddition.m */,
				A65513FD1AE0FA12005DB5AD /* UIScrollView+UpdateContentSize.h */,
				A65513FE1AE0FA12005DB5AD /* UIScrollView+UpdateContentSize.m */,
			);
			name = Categories;
			path = Dependencies/SLPagingView/Categories;
			sourceTree = "<group>";
		};
		A65514051AE0FA19005DB5AD /* SLPagingView */ = {
			isa = PBXGroup;
			children = (
				A65513FA1AE0FA12005DB5AD /* Categories */,
				A65513FF1AE0FA12005DB5AD /* ShareResources.h */,
				A65514001AE0FA12005DB5AD /* SLPagingViewController.h */,
				A65514011AE0FA12005DB5AD /* SLPagingViewController.m */,
			);
			name = SLPagingView;
			sourceTree = "<group>";
		};
		A65514091AE0FA57005DB5AD /* Dependencies */ = {
			isa = PBXGroup;
			children = (
				A65514051AE0FA19005DB5AD /* SLPagingView */,
			);
			name = Dependencies;
			sourceTree = "<group>";
		};
		A6800E3A1AE3822400894E0A /* Helpers */ = {
			isa = PBXGroup;
			children = (
				A6800E381AE3821900894E0A /* UIViewController+SKStoreProductViewController.swift */,
			);
			name = Helpers;
			sourceTree = "<group>";
		};
		A6D0456C1AE2B7DB00865491 /* Universe */ = {
			isa = PBXGroup;
			children = (
				A61B7C881ADE4E7F00FFF0AD /* UniverseViewController.swift */,
				A69AFAC41AE17B800055559C /* CircleButton.swift */,
			);
			name = Universe;
			sourceTree = "<group>";
		};
		A6D045701AE2BE7000865491 /* Side Projects */ = {
			isa = PBXGroup;
			children = (
				A6D0456D1AE2BC0D00865491 /* ProjectsViewController.swift */,
				A6D0456F1AE2BE6500865491 /* SKProgressIndicator.h */,
				A6D045711AE2BE8200865491 /* SKProgressIndicator.m */,
			);
			name = "Side Projects";
			sourceTree = "<group>";
		};
/* End PBXGroup section */

/* Begin PBXNativeTarget section */
		A61B7C801ADE4E7F00FFF0AD /* Salavat Khanov */ = {
			isa = PBXNativeTarget;
			buildConfigurationList = A61B7CA01ADE4E7F00FFF0AD /* Build configuration list for PBXNativeTarget "Salavat Khanov" */;
			buildPhases = (
				A61B7C7D1ADE4E7F00FFF0AD /* Sources */,
				A61B7C7E1ADE4E7F00FFF0AD /* Frameworks */,
				A61B7C7F1ADE4E7F00FFF0AD /* Resources */,
			);
			buildRules = (
			);
			dependencies = (
			);
			name = "Salavat Khanov";
			productName = "Salavat Khanov";
			productReference = A61B7C811ADE4E7F00FFF0AD /* Salavat Khanov.app */;
			productType = "com.apple.product-type.application";
		};
/* End PBXNativeTarget section */

/* Begin PBXProject section */
		A61B7C791ADE4E7F00FFF0AD /* Project object */ = {
			isa = PBXProject;
			attributes = {
				LastUpgradeCheck = 0630;
				ORGANIZATIONNAME = "Arty Technology";
				TargetAttributes = {
					A61B7C801ADE4E7F00FFF0AD = {
						CreatedOnToolsVersion = 6.3;
					};
				};
			};
			buildConfigurationList = A61B7C7C1ADE4E7F00FFF0AD /* Build configuration list for PBXProject "Salavat Khanov" */;
			compatibilityVersion = "Xcode 3.2";
			developmentRegion = English;
			hasScannedForEncodings = 0;
			knownRegions = (
				en,
				Base,
			);
			mainGroup = A61B7C781ADE4E7F00FFF0AD;
			productRefGroup = A61B7C821ADE4E7F00FFF0AD /* Products */;
			projectDirPath = "";
			projectRoot = "";
			targets = (
				A61B7C801ADE4E7F00FFF0AD /* Salavat Khanov */,
			);
		};
/* End PBXProject section */

/* Begin PBXResourcesBuildPhase section */
		A61B7C7F1ADE4E7F00FFF0AD /* Resources */ = {
			isa = PBXResourcesBuildPhase;
			buildActionMask = 2147483647;
			files = (
				A61B7C8C1ADE4E7F00FFF0AD /* Main.storyboard in Resources */,
				A61B7C911ADE4E7F00FFF0AD /* LaunchScreen.xib in Resources */,
				A61B7C8E1ADE4E7F00FFF0AD /* Images.xcassets in Resources */,
			);
			runOnlyForDeploymentPostprocessing = 0;
		};
/* End PBXResourcesBuildPhase section */

/* Begin PBXSourcesBuildPhase section */
		A61B7C7D1ADE4E7F00FFF0AD /* Sources */ = {
			isa = PBXSourcesBuildPhase;
			buildActionMask = 2147483647;
			files = (
				A6D0456E1AE2BC0D00865491 /* ProjectsViewController.swift in Sources */,
				A69AFAC51AE17B800055559C /* CircleButton.swift in Sources */,
				A61B7C891ADE4E7F00FFF0AD /* UniverseViewController.swift in Sources */,
				A65514031AE0FA12005DB5AD /* UIScrollView+UpdateContentSize.m in Sources */,
				A661FE651ADFDA9900394718 /* WorkViewController.swift in Sources */,
				A65514041AE0FA12005DB5AD /* SLPagingViewController.m in Sources */,
				A6D045721AE2BE8200865491 /* SKProgressIndicator.m in Sources */,
				A6800E391AE3821900894E0A /* UIViewController+SKStoreProductViewController.swift in Sources */,
				A65514021AE0FA12005DB5AD /* UIColor+SLAddition.m in Sources */,
				A61B7C871ADE4E7F00FFF0AD /* AppDelegate.swift in Sources */,
			);
			runOnlyForDeploymentPostprocessing = 0;
		};
/* End PBXSourcesBuildPhase section */

/* Begin PBXVariantGroup section */
		A61B7C8A1ADE4E7F00FFF0AD /* Main.storyboard */ = {
			isa = PBXVariantGroup;
			children = (
				A61B7C8B1ADE4E7F00FFF0AD /* Base */,
			);
			name = Main.storyboard;
			sourceTree = "<group>";
		};
		A61B7C8F1ADE4E7F00FFF0AD /* LaunchScreen.xib */ = {
			isa = PBXVariantGroup;
			children = (
				A61B7C901ADE4E7F00FFF0AD /* Base */,
			);
			name = LaunchScreen.xib;
			sourceTree = "<group>";
		};
/* End PBXVariantGroup section */

/* Begin XCBuildConfiguration section */
		A61B7C9E1ADE4E7F00FFF0AD /* Debug */ = {
			isa = XCBuildConfiguration;
			buildSettings = {
				ALWAYS_SEARCH_USER_PATHS = NO;
				CLANG_CXX_LANGUAGE_STANDARD = "gnu++0x";
				CLANG_CXX_LIBRARY = "libc++";
				CLANG_ENABLE_MODULES = YES;
				CLANG_ENABLE_OBJC_ARC = YES;
				CLANG_WARN_BOOL_CONVERSION = YES;
				CLANG_WARN_CONSTANT_CONVERSION = YES;
				CLANG_WARN_DIRECT_OBJC_ISA_USAGE = YES_ERROR;
				CLANG_WARN_EMPTY_BODY = YES;
				CLANG_WARN_ENUM_CONVERSION = YES;
				CLANG_WARN_INT_CONVERSION = YES;
				CLANG_WARN_OBJC_ROOT_CLASS = YES_ERROR;
				CLANG_WARN_UNREACHABLE_CODE = YES;
				CLANG_WARN__DUPLICATE_METHOD_MATCH = YES;
				"CODE_SIGN_IDENTITY[sdk=iphoneos*]" = "iPhone Developer";
				COPY_PHASE_STRIP = NO;
				DEBUG_INFORMATION_FORMAT = "dwarf-with-dsym";
				ENABLE_STRICT_OBJC_MSGSEND = YES;
				GCC_C_LANGUAGE_STANDARD = gnu99;
				GCC_DYNAMIC_NO_PIC = NO;
				GCC_NO_COMMON_BLOCKS = YES;
				GCC_OPTIMIZATION_LEVEL = 0;
				GCC_PREPROCESSOR_DEFINITIONS = (
					"DEBUG=1",
					"$(inherited)",
				);
				GCC_SYMBOLS_PRIVATE_EXTERN = NO;
				GCC_WARN_64_TO_32_BIT_CONVERSION = YES;
				GCC_WARN_ABOUT_RETURN_TYPE = YES_ERROR;
				GCC_WARN_UNDECLARED_SELECTOR = YES;
				GCC_WARN_UNINITIALIZED_AUTOS = YES_AGGRESSIVE;
				GCC_WARN_UNUSED_FUNCTION = YES;
				GCC_WARN_UNUSED_VARIABLE = YES;
				IPHONEOS_DEPLOYMENT_TARGET = 8.3;
				MTL_ENABLE_DEBUG_INFO = YES;
				ONLY_ACTIVE_ARCH = YES;
				SDKROOT = iphoneos;
				SWIFT_OPTIMIZATION_LEVEL = "-Onone";
			};
			name = Debug;
		};
		A61B7C9F1ADE4E7F00FFF0AD /* Release */ = {
			isa = XCBuildConfiguration;
			buildSettings = {
				ALWAYS_SEARCH_USER_PATHS = NO;
				CLANG_CXX_LANGUAGE_STANDARD = "gnu++0x";
				CLANG_CXX_LIBRARY = "libc++";
				CLANG_ENABLE_MODULES = YES;
				CLANG_ENABLE_OBJC_ARC = YES;
				CLANG_WARN_BOOL_CONVERSION = YES;
				CLANG_WARN_CONSTANT_CONVERSION = YES;
				CLANG_WARN_DIRECT_OBJC_ISA_USAGE = YES_ERROR;
				CLANG_WARN_EMPTY_BODY = YES;
				CLANG_WARN_ENUM_CONVERSION = YES;
				CLANG_WARN_INT_CONVERSION = YES;
				CLANG_WARN_OBJC_ROOT_CLASS = YES_ERROR;
				CLANG_WARN_UNREACHABLE_CODE = YES;
				CLANG_WARN__DUPLICATE_METHOD_MATCH = YES;
				"CODE_SIGN_IDENTITY[sdk=iphoneos*]" = "iPhone Developer";
				COPY_PHASE_STRIP = NO;
				DEBUG_INFORMATION_FORMAT = "dwarf-with-dsym";
				ENABLE_NS_ASSERTIONS = NO;
				ENABLE_STRICT_OBJC_MSGSEND = YES;
				GCC_C_LANGUAGE_STANDARD = gnu99;
				GCC_NO_COMMON_BLOCKS = YES;
				GCC_WARN_64_TO_32_BIT_CONVERSION = YES;
				GCC_WARN_ABOUT_RETURN_TYPE = YES_ERROR;
				GCC_WARN_UNDECLARED_SELECTOR = YES;
				GCC_WARN_UNINITIALIZED_AUTOS = YES_AGGRESSIVE;
				GCC_WARN_UNUSED_FUNCTION = YES;
				GCC_WARN_UNUSED_VARIABLE = YES;
				IPHONEOS_DEPLOYMENT_TARGET = 8.3;
				MTL_ENABLE_DEBUG_INFO = NO;
				SDKROOT = iphoneos;
				VALIDATE_PRODUCT = YES;
			};
			name = Release;
		};
		A61B7CA11ADE4E7F00FFF0AD /* Debug */ = {
			isa = XCBuildConfiguration;
			buildSettings = {
				ASSETCATALOG_COMPILER_APPICON_NAME = AppIcon;
				INFOPLIST_FILE = "Salavat Khanov/Info.plist";
				LD_RUNPATH_SEARCH_PATHS = "$(inherited) @executable_path/Frameworks";
				PRODUCT_NAME = "$(TARGET_NAME)";
				SWIFT_OBJC_BRIDGING_HEADER = "Salavat Khanov/Salavat_Khanov-Bridging-Header.h";
			};
			name = Debug;
		};
		A61B7CA21ADE4E7F00FFF0AD /* Release */ = {
			isa = XCBuildConfiguration;
			buildSettings = {
				ASSETCATALOG_COMPILER_APPICON_NAME = AppIcon;
				INFOPLIST_FILE = "Salavat Khanov/Info.plist";
				LD_RUNPATH_SEARCH_PATHS = "$(inherited) @executable_path/Frameworks";
				PRODUCT_NAME = "$(TARGET_NAME)";
				SWIFT_OBJC_BRIDGING_HEADER = "Salavat Khanov/Salavat_Khanov-Bridging-Header.h";
			};
			name = Release;
		};
/* End XCBuildConfiguration section */

/* Begin XCConfigurationList section */
		A61B7C7C1ADE4E7F00FFF0AD /* Build configuration list for PBXProject "Salavat Khanov" */ = {
			isa = XCConfigurationList;
			buildConfigurations = (
				A61B7C9E1ADE4E7F00FFF0AD /* Debug */,
				A61B7C9F1ADE4E7F00FFF0AD /* Release */,
			);
			defaultConfigurationIsVisible = 0;
			defaultConfigurationName = Release;
		};
		A61B7CA01ADE4E7F00FFF0AD /* Build configuration list for PBXNativeTarget "Salavat Khanov" */ = {
			isa = XCConfigurationList;
			buildConfigurations = (
				A61B7CA11ADE4E7F00FFF0AD /* Debug */,
				A61B7CA21ADE4E7F00FFF0AD /* Release */,
			);
			defaultConfigurationIsVisible = 0;
			defaultConfigurationName = Release;
		};
/* End XCConfigurationList section */
	};
	rootObject = A61B7C791ADE4E7F00FFF0AD /* Project object */;
}
